
Microsoft Visual Studio Solution File, Format Version 12.00
# Visual Studio Version 16
VisualStudioVersion = 16.0.29721.120
MinimumVisualStudioVersion = 10.0.40219.1
Project("{9A19103F-16F7-4668-BE54-9A1E7A4F7556}") = "SW.CloudFiles.S3", "SW.CloudFiles.S3\SW.CloudFiles.S3.csproj", "{C56B9E12-3292-415E-A873-D19E49D8BEC0}"
EndProject
Project("{9A19103F-16F7-4668-BE54-9A1E7A4F7556}") = "SW.CloudFiles.UnitTests", "SW.CloudFiles.UnitTests\SW.CloudFiles.UnitTests.csproj", "{E927F6DC-3561-4751-BAED-9A1A9158EF9F}"
EndProject
Project("{FAE04EC0-301F-11D3-BF4B-00C04F79EFBC}") = "SW.CloudFiles.S3.Extensions", "SW.CloudFiles.S3.Extensions\SW.CloudFiles.S3.Extensions.csproj", "{C1738CE3-C023-4AE4-907C-538E283A50FF}"
EndProject
Project("{FAE04EC0-301F-11D3-BF4B-00C04F79EFBC}") = "SW.CloudFiles.AS", "SW.CloudFiles.AS\SW.CloudFiles.AS.csproj", "{9C592B41-F0A7-43BB-9AE0-E6D79046160B}"
EndProject
Project("{FAE04EC0-301F-11D3-BF4B-00C04F79EFBC}") = "SW.CloudFiles.AS.Extensions", "SW.CloudFiles.AS.Extensions\SW.CloudFiles.AS.Extensions.csproj", "{9CA15C7A-7CAC-4D18-986E-608040A71D9C}"
EndProject
Project("{FAE04EC0-301F-11D3-BF4B-00C04F79EFBC}") = "SW.CloudFiles.AS.UnitTest", "SW.CloudFiles.AS.UnitTest\SW.CloudFiles.AS.UnitTest.csproj", "{1DA09E4B-1F36-4A08-90BF-561DA0C9AEF3}"
EndProject
Project("{FAE04EC0-301F-11D3-BF4B-00C04F79EFBC}") = "SW.CloudFiles.OC", "SW.CloudFiles.OC\SW.CloudFiles.OC.csproj", "{7F9EF979-2525-4CC5-B989-F1545C83B632}"
EndProject
Project("{FAE04EC0-301F-11D3-BF4B-00C04F79EFBC}") = "SW.CloudFiles.OC.Extensions", "SW.CloudFiles.OC.Extensions\SW.CloudFiles.OC.Extensions.csproj", "{97EADC85-BDD2-47EB-AD05-236479930355}"
EndProject
Project("{FAE04EC0-301F-11D3-BF4B-00C04F79EFBC}") = "SW.CloudFiles.OC.UnitTest", "SW.CloudFiles.OC.UnitTest\SW.CloudFiles.OC.UnitTest.csproj", "{D413FBF9-C41D-4449-8A7F-551A477B71CA}"
EndProject
Project("{FAE04EC0-301F-11D3-BF4B-00C04F79EFBC}") = "SW.CloudFiles.GC", "SW.CloudFiles.GC\SW.CloudFiles.GC.csproj", "{3CDA8260-15F3-4D3A-9B2E-E982D6371D28}"
EndProject
Project("{FAE04EC0-301F-11D3-BF4B-00C04F79EFBC}") = "SW.CloudFiles.GC.Extensions", "SW.CloudFiles.GC.Extensions\SW.CloudFiles.GC.Extensions.csproj", "{423CC63D-FF62-43DD-B28D-36ECC422FC42}"
EndProject
Project("{FAE04EC0-301F-11D3-BF4B-00C04F79EFBC}") = "SW.CloudFiles.GC.UnitTests", "SW.CloudFiles.GC.UnitTests\SW.CloudFiles.GC.UnitTests.csproj", "{DA2CC24E-2E3D-4B2C-A189-72A5FF34E6C7}"
EndProject
Project("{2150E333-8FDC-42A3-9474-1A3956D46DE8}") = "S3", "S3", "{E3B267EE-32B0-42AE-B608-9646D0FD5323}"
EndProject
Project("{2150E333-8FDC-42A3-9474-1A3956D46DE8}") = "Google", "Google", "{16B97733-D8A1-4111-8A83-50BDA48A6E36}"
EndProject
Project("{2150E333-8FDC-42A3-9474-1A3956D46DE8}") = "Azure", "Azure", "{D9A20815-1648-47D5-918D-AE6CDDF73F9F}"
EndProject
Project("{2150E333-8FDC-42A3-9474-1A3956D46DE8}") = "Oracle", "Oracle", "{01B646A4-1288-432A-B7C5-0CFFE5361BDD}"
EndProject
Global
	GlobalSection(SolutionConfigurationPlatforms) = preSolution
		Debug|Any CPU = Debug|Any CPU
		Release|Any CPU = Release|Any CPU
	EndGlobalSection
	GlobalSection(ProjectConfigurationPlatforms) = postSolution
		{C56B9E12-3292-415E-A873-D19E49D8BEC0}.Debug|Any CPU.ActiveCfg = Debug|Any CPU
		{C56B9E12-3292-415E-A873-D19E49D8BEC0}.Debug|Any CPU.Build.0 = Debug|Any CPU
		{C56B9E12-3292-415E-A873-D19E49D8BEC0}.Release|Any CPU.ActiveCfg = Release|Any CPU
		{C56B9E12-3292-415E-A873-D19E49D8BEC0}.Release|Any CPU.Build.0 = Release|Any CPU
		{E927F6DC-3561-4751-BAED-9A1A9158EF9F}.Debug|Any CPU.ActiveCfg = Debug|Any CPU
		{E927F6DC-3561-4751-BAED-9A1A9158EF9F}.Debug|Any CPU.Build.0 = Debug|Any CPU
		{E927F6DC-3561-4751-BAED-9A1A9158EF9F}.Release|Any CPU.ActiveCfg = Release|Any CPU
		{E927F6DC-3561-4751-BAED-9A1A9158EF9F}.Release|Any CPU.Build.0 = Release|Any CPU
		{C1738CE3-C023-4AE4-907C-538E283A50FF}.Debug|Any CPU.ActiveCfg = Debug|Any CPU
		{C1738CE3-C023-4AE4-907C-538E283A50FF}.Debug|Any CPU.Build.0 = Debug|Any CPU
		{C1738CE3-C023-4AE4-907C-538E283A50FF}.Release|Any CPU.ActiveCfg = Release|Any CPU
		{C1738CE3-C023-4AE4-907C-538E283A50FF}.Release|Any CPU.Build.0 = Release|Any CPU
		{9C592B41-F0A7-43BB-9AE0-E6D79046160B}.Debug|Any CPU.ActiveCfg = Debug|Any CPU
		{9C592B41-F0A7-43BB-9AE0-E6D79046160B}.Debug|Any CPU.Build.0 = Debug|Any CPU
		{9C592B41-F0A7-43BB-9AE0-E6D79046160B}.Release|Any CPU.ActiveCfg = Release|Any CPU
		{9C592B41-F0A7-43BB-9AE0-E6D79046160B}.Release|Any CPU.Build.0 = Release|Any CPU
		{9CA15C7A-7CAC-4D18-986E-608040A71D9C}.Debug|Any CPU.ActiveCfg = Debug|Any CPU
		{9CA15C7A-7CAC-4D18-986E-608040A71D9C}.Debug|Any CPU.Build.0 = Debug|Any CPU
		{9CA15C7A-7CAC-4D18-986E-608040A71D9C}.Release|Any CPU.ActiveCfg = Release|Any CPU
		{9CA15C7A-7CAC-4D18-986E-608040A71D9C}.Release|Any CPU.Build.0 = Release|Any CPU
		{1DA09E4B-1F36-4A08-90BF-561DA0C9AEF3}.Debug|Any CPU.ActiveCfg = Debug|Any CPU
		{1DA09E4B-1F36-4A08-90BF-561DA0C9AEF3}.Debug|Any CPU.Build.0 = Debug|Any CPU
		{1DA09E4B-1F36-4A08-90BF-561DA0C9AEF3}.Release|Any CPU.ActiveCfg = Release|Any CPU
		{1DA09E4B-1F36-4A08-90BF-561DA0C9AEF3}.Release|Any CPU.Build.0 = Release|Any CPU
		{7F9EF979-2525-4CC5-B989-F1545C83B632}.Debug|Any CPU.ActiveCfg = Debug|Any CPU
		{7F9EF979-2525-4CC5-B989-F1545C83B632}.Debug|Any CPU.Build.0 = Debug|Any CPU
		{7F9EF979-2525-4CC5-B989-F1545C83B632}.Release|Any CPU.ActiveCfg = Release|Any CPU
		{7F9EF979-2525-4CC5-B989-F1545C83B632}.Release|Any CPU.Build.0 = Release|Any CPU
		{97EADC85-BDD2-47EB-AD05-236479930355}.Debug|Any CPU.ActiveCfg = Debug|Any CPU
		{97EADC85-BDD2-47EB-AD05-236479930355}.Debug|Any CPU.Build.0 = Debug|Any CPU
		{97EADC85-BDD2-47EB-AD05-236479930355}.Release|Any CPU.ActiveCfg = Release|Any CPU
		{97EADC85-BDD2-47EB-AD05-236479930355}.Release|Any CPU.Build.0 = Release|Any CPU
		{D413FBF9-C41D-4449-8A7F-551A477B71CA}.Debug|Any CPU.ActiveCfg = Debug|Any CPU
		{D413FBF9-C41D-4449-8A7F-551A477B71CA}.Debug|Any CPU.Build.0 = Debug|Any CPU
		{D413FBF9-C41D-4449-8A7F-551A477B71CA}.Release|Any CPU.ActiveCfg = Release|Any CPU
		{D413FBF9-C41D-4449-8A7F-551A477B71CA}.Release|Any CPU.Build.0 = Release|Any CPU
		{3CDA8260-15F3-4D3A-9B2E-E982D6371D28}.Debug|Any CPU.ActiveCfg = Debug|Any CPU
		{3CDA8260-15F3-4D3A-9B2E-E982D6371D28}.Debug|Any CPU.Build.0 = Debug|Any CPU
		{3CDA8260-15F3-4D3A-9B2E-E982D6371D28}.Release|Any CPU.ActiveCfg = Release|Any CPU
		{3CDA8260-15F3-4D3A-9B2E-E982D6371D28}.Release|Any CPU.Build.0 = Release|Any CPU
		{423CC63D-FF62-43DD-B28D-36ECC422FC42}.Debug|Any CPU.ActiveCfg = Debug|Any CPU
		{423CC63D-FF62-43DD-B28D-36ECC422FC42}.Debug|Any CPU.Build.0 = Debug|Any CPU
		{423CC63D-FF62-43DD-B28D-36ECC422FC42}.Release|Any CPU.ActiveCfg = Release|Any CPU
		{423CC63D-FF62-43DD-B28D-36ECC422FC42}.Release|Any CPU.Build.0 = Release|Any CPU
		{DA2CC24E-2E3D-4B2C-A189-72A5FF34E6C7}.Debug|Any CPU.ActiveCfg = Debug|Any CPU
		{DA2CC24E-2E3D-4B2C-A189-72A5FF34E6C7}.Debug|Any CPU.Build.0 = Debug|Any CPU
		{DA2CC24E-2E3D-4B2C-A189-72A5FF34E6C7}.Release|Any CPU.ActiveCfg = Release|Any CPU
		{DA2CC24E-2E3D-4B2C-A189-72A5FF34E6C7}.Release|Any CPU.Build.0 = Release|Any CPU
	EndGlobalSection
	GlobalSection(SolutionProperties) = preSolution
		HideSolutionNode = FALSE
	EndGlobalSection
	GlobalSection(ExtensibilityGlobals) = postSolution
		SolutionGuid = {3C88DE74-778B-4C08-926F-A4F13D448204}
	EndGlobalSection
	GlobalSection(NestedProjects) = preSolution
		{3CDA8260-15F3-4D3A-9B2E-E982D6371D28} = {16B97733-D8A1-4111-8A83-50BDA48A6E36}
		{423CC63D-FF62-43DD-B28D-36ECC422FC42} = {16B97733-D8A1-4111-8A83-50BDA48A6E36}
		{DA2CC24E-2E3D-4B2C-A189-72A5FF34E6C7} = {16B97733-D8A1-4111-8A83-50BDA48A6E36}
		{9C592B41-F0A7-43BB-9AE0-E6D79046160B} = {D9A20815-1648-47D5-918D-AE6CDDF73F9F}
		{9CA15C7A-7CAC-4D18-986E-608040A71D9C} = {D9A20815-1648-47D5-918D-AE6CDDF73F9F}
		{1DA09E4B-1F36-4A08-90BF-561DA0C9AEF3} = {D9A20815-1648-47D5-918D-AE6CDDF73F9F}
		{C56B9E12-3292-415E-A873-D19E49D8BEC0} = {E3B267EE-32B0-42AE-B608-9646D0FD5323}
		{C1738CE3-C023-4AE4-907C-538E283A50FF} = {E3B267EE-32B0-42AE-B608-9646D0FD5323}
		{E927F6DC-3561-4751-BAED-9A1A9158EF9F} = {E3B267EE-32B0-42AE-B608-9646D0FD5323}
		{7F9EF979-2525-4CC5-B989-F1545C83B632} = {01B646A4-1288-432A-B7C5-0CFFE5361BDD}
		{97EADC85-BDD2-47EB-AD05-236479930355} = {01B646A4-1288-432A-B7C5-0CFFE5361BDD}
		{D413FBF9-C41D-4449-8A7F-551A477B71CA} = {01B646A4-1288-432A-B7C5-0CFFE5361BDD}
	EndGlobalSection
EndGlobal
