
Microsoft Visual Studio Solution File, Format Version 12.00
# Visual Studio Version 16
VisualStudioVersion = 16.0.29721.120
MinimumVisualStudioVersion = 10.0.40219.1
Project("{9A19103F-16F7-4668-BE54-9A1E7A4F7556}") = "SW.CloudFiles.S3", "SW.CloudFiles.S3\SW.CloudFiles.S3.csproj", "{C56B9E12-3292-415E-A873-D19E49D8BEC0}"
EndProject
Project("{9A19103F-16F7-4668-BE54-9A1E7A4F7556}") = "SW.CloudFiles.UnitTests", "SW.CloudFiles.UnitTests\SW.CloudFiles.UnitTests.csproj", "{E927F6DC-3561-4751-BAED-9A1A9158EF9F}"
EndProject
Project("{FAE04EC0-301F-11D3-BF4B-00C04F79EFBC}") = "SW.CloudFiles.S3.Extensions", "SW.CloudFiles.S3.Extensions\SW.CloudFiles.S3.Extensions.csproj", "{C1738CE3-C023-4AE4-907C-538E283A50FF}"
EndProject
Project("{FAE04EC0-301F-11D3-BF4B-00C04F79EFBC}") = "SW.CloudFiles.AS", "SW.CloudFiles.AS\SW.CloudFiles.AS.csproj", "{9C592B41-F0A7-43BB-9AE0-E6D79046160B}"
EndProject
Project("{FAE04EC0-301F-11D3-BF4B-00C04F79EFBC}") = "SW.CloudFiles.AS.Extensions", "SW.CloudFiles.AS.Extensions\SW.CloudFiles.AS.Extensions.csproj", "{9CA15C7A-7CAC-4D18-986E-608040A71D9C}"
EndProject
Global
	GlobalSection(SolutionConfigurationPlatforms) = preSolution
		Debug|Any CPU = Debug|Any CPU
		Release|Any CPU = Release|Any CPU
	EndGlobalSection
	GlobalSection(ProjectConfigurationPlatforms) = postSolution
		{C56B9E12-3292-415E-A873-D19E49D8BEC0}.Debug|Any CPU.ActiveCfg = Debug|Any CPU
		{C56B9E12-3292-415E-A873-D19E49D8BEC0}.Debug|Any CPU.Build.0 = Debug|Any CPU
		{C56B9E12-3292-415E-A873-D19E49D8BEC0}.Release|Any CPU.ActiveCfg = Release|Any CPU
		{C56B9E12-3292-415E-A873-D19E49D8BEC0}.Release|Any CPU.Build.0 = Release|Any CPU
		{E927F6DC-3561-4751-BAED-9A1A9158EF9F}.Debug|Any CPU.ActiveCfg = Debug|Any CPU
		{E927F6DC-3561-4751-BAED-9A1A9158EF9F}.Debug|Any CPU.Build.0 = Debug|Any CPU
		{E927F6DC-3561-4751-BAED-9A1A9158EF9F}.Release|Any CPU.ActiveCfg = Release|Any CPU
		{E927F6DC-3561-4751-BAED-9A1A9158EF9F}.Release|Any CPU.Build.0 = Release|Any CPU
		{C1738CE3-C023-4AE4-907C-538E283A50FF}.Debug|Any CPU.ActiveCfg = Debug|Any CPU
		{C1738CE3-C023-4AE4-907C-538E283A50FF}.Debug|Any CPU.Build.0 = Debug|Any CPU
		{C1738CE3-C023-4AE4-907C-538E283A50FF}.Release|Any CPU.ActiveCfg = Release|Any CPU
		{C1738CE3-C023-4AE4-907C-538E283A50FF}.Release|Any CPU.Build.0 = Release|Any CPU
		{9C592B41-F0A7-43BB-9AE0-E6D79046160B}.Debug|Any CPU.ActiveCfg = Debug|Any CPU
		{9C592B41-F0A7-43BB-9AE0-E6D79046160B}.Debug|Any CPU.Build.0 = Debug|Any CPU
		{9C592B41-F0A7-43BB-9AE0-E6D79046160B}.Release|Any CPU.ActiveCfg = Release|Any CPU
		{9C592B41-F0A7-43BB-9AE0-E6D79046160B}.Release|Any CPU.Build.0 = Release|Any CPU
		{9CA15C7A-7CAC-4D18-986E-608040A71D9C}.Debug|Any CPU.ActiveCfg = Debug|Any CPU
		{9CA15C7A-7CAC-4D18-986E-608040A71D9C}.Debug|Any CPU.Build.0 = Debug|Any CPU
		{9CA15C7A-7CAC-4D18-986E-608040A71D9C}.Release|Any CPU.ActiveCfg = Release|Any CPU
		{9CA15C7A-7CAC-4D18-986E-608040A71D9C}.Release|Any CPU.Build.0 = Release|Any CPU
	EndGlobalSection
	GlobalSection(SolutionProperties) = preSolution
		HideSolutionNode = FALSE
	EndGlobalSection
	GlobalSection(ExtensibilityGlobals) = postSolution
		SolutionGuid = {3C88DE74-778B-4C08-926F-A4F13D448204}
	EndGlobalSection
EndGlobal
